
Microsoft Visual Studio Solution File, Format Version 12.00
# Visual Studio Version 16
VisualStudioVersion = 16.0.30621.155
MinimumVisualStudioVersion = 10.0.40219.1
Project("{FAE04EC0-301F-11D3-BF4B-00C04F79EFBC}") = "Movies", "Movies.csproj", "{9A3ACDCF-A23B-4F47-822E-3E54075C13E4}"
EndProject
Global
	GlobalSection(SolutionConfigurationPlatforms) = preSolution
		Debug|Any CPU = Debug|Any CPU
		Release|Any CPU = Release|Any CPU
	EndGlobalSection
	GlobalSection(ProjectConfigurationPlatforms) = postSolution
		{9A3ACDCF-A23B-4F47-822E-3E54075C13E4}.Debug|Any CPU.ActiveCfg = Debug|Any CPU
		{9A3ACDCF-A23B-4F47-822E-3E54075C13E4}.Debug|Any CPU.Build.0 = Debug|Any CPU
		{9A3ACDCF-A23B-4F47-822E-3E54075C13E4}.Release|Any CPU.ActiveCfg = Release|Any CPU
		{9A3ACDCF-A23B-4F47-822E-3E54075C13E4}.Release|Any CPU.Build.0 = Release|Any CPU
	EndGlobalSection
	GlobalSection(SolutionProperties) = preSolution
		HideSolutionNode = FALSE
	EndGlobalSection
	GlobalSection(ExtensibilityGlobals) = postSolution
		SolutionGuid = {16E80653-2EDB-4EBC-A1D0-A7E5E6675E17}
	EndGlobalSection
EndGlobal
